
Microsoft Visual Studio Solution File, Format Version 12.00
# Visual Studio 15
VisualStudioVersion = 15.0.27703.2042
MinimumVisualStudioVersion = 10.0.40219.1
Project("{FAE04EC0-301F-11D3-BF4B-00C04F79EFBC}") = "TestCI", "TestCI\TestCI.csproj", "{EE415423-4B06-436A-ACC2-C23DA4396F94}"
EndProject
Project("{FAE04EC0-301F-11D3-BF4B-00C04F79EFBC}") = "UnitTests", "UnitTests\UnitTests.csproj", "{6DB118D8-1AD3-4175-BED1-E4DB107428C2}"
EndProject
Global
	GlobalSection(SolutionConfigurationPlatforms) = preSolution
		Debug|Any CPU = Debug|Any CPU
		Release|Any CPU = Release|Any CPU
	EndGlobalSection
	GlobalSection(ProjectConfigurationPlatforms) = postSolution
		{EE415423-4B06-436A-ACC2-C23DA4396F94}.Debug|Any CPU.ActiveCfg = Debug|Any CPU
		{EE415423-4B06-436A-ACC2-C23DA4396F94}.Debug|Any CPU.Build.0 = Debug|Any CPU
		{EE415423-4B06-436A-ACC2-C23DA4396F94}.Release|Any CPU.ActiveCfg = Release|Any CPU
		{EE415423-4B06-436A-ACC2-C23DA4396F94}.Release|Any CPU.Build.0 = Release|Any CPU
		{6DB118D8-1AD3-4175-BED1-E4DB107428C2}.Debug|Any CPU.ActiveCfg = Debug|Any CPU
		{6DB118D8-1AD3-4175-BED1-E4DB107428C2}.Debug|Any CPU.Build.0 = Debug|Any CPU
		{6DB118D8-1AD3-4175-BED1-E4DB107428C2}.Release|Any CPU.ActiveCfg = Release|Any CPU
		{6DB118D8-1AD3-4175-BED1-E4DB107428C2}.Release|Any CPU.Build.0 = Release|Any CPU
	EndGlobalSection
	GlobalSection(SolutionProperties) = preSolution
		HideSolutionNode = FALSE
	EndGlobalSection
	GlobalSection(ExtensibilityGlobals) = postSolution
		SolutionGuid = {BBB8ED8A-F0EE-4BEA-8FA6-7C161E4EB784}
	EndGlobalSection
EndGlobal
